
Microsoft Visual Studio Solution File, Format Version 12.00
# Visual Studio 2013
VisualStudioVersion = 12.0.30501.0
MinimumVisualStudioVersion = 10.0.40219.1
Project("{FAE04EC0-301F-11D3-BF4B-00C04F79EFBC}") = "TDIN-Diginote", "TDIN-Diginote\TDIN-Diginote.csproj", "{CACBECB4-CF99-4F5C-9902-F33BC44D6EA0}"
EndProject
Global
	GlobalSection(SolutionConfigurationPlatforms) = preSolution
		Debug|Any CPU = Debug|Any CPU
		Release|Any CPU = Release|Any CPU
	EndGlobalSection
	GlobalSection(ProjectConfigurationPlatforms) = postSolution
		{CACBECB4-CF99-4F5C-9902-F33BC44D6EA0}.Debug|Any CPU.ActiveCfg = Debug|Any CPU
		{CACBECB4-CF99-4F5C-9902-F33BC44D6EA0}.Debug|Any CPU.Build.0 = Debug|Any CPU
		{CACBECB4-CF99-4F5C-9902-F33BC44D6EA0}.Release|Any CPU.ActiveCfg = Release|Any CPU
		{CACBECB4-CF99-4F5C-9902-F33BC44D6EA0}.Release|Any CPU.Build.0 = Release|Any CPU
	EndGlobalSection
	GlobalSection(SolutionProperties) = preSolution
		HideSolutionNode = FALSE
	EndGlobalSection
EndGlobal
